
Microsoft Visual Studio Solution File, Format Version 12.00
# Visual Studio Version 16
VisualStudioVersion = 16.0.30523.141
MinimumVisualStudioVersion = 10.0.40219.1
Project("{9A19103F-16F7-4668-BE54-9A1E7A4F7556}") = "AlertToCareAPI", "AlertToCareAPI\AlertToCareAPI.csproj", "{27D5B992-C188-403C-8766-A0DD02300476}"
EndProject
Project("{FAE04EC0-301F-11D3-BF4B-00C04F79EFBC}") = "API.UnitTests", "API.UnitTests\API.UnitTests.csproj", "{82262A4A-A8C7-42B3-95A5-6E7C5410734C}"
EndProject
Project("{FAE04EC0-301F-11D3-BF4B-00C04F79EFBC}") = "API.IntegrationTest", "API.IntegrationTest\API.IntegrationTest.csproj", "{F6698302-757A-4297-A98C-61DC38240ECE}"
EndProject
Global
	GlobalSection(SolutionConfigurationPlatforms) = preSolution
		Debug|Any CPU = Debug|Any CPU
		Release|Any CPU = Release|Any CPU
	EndGlobalSection
	GlobalSection(ProjectConfigurationPlatforms) = postSolution
		{27D5B992-C188-403C-8766-A0DD02300476}.Debug|Any CPU.ActiveCfg = Debug|Any CPU
		{27D5B992-C188-403C-8766-A0DD02300476}.Debug|Any CPU.Build.0 = Debug|Any CPU
		{27D5B992-C188-403C-8766-A0DD02300476}.Release|Any CPU.ActiveCfg = Release|Any CPU
		{27D5B992-C188-403C-8766-A0DD02300476}.Release|Any CPU.Build.0 = Release|Any CPU
		{82262A4A-A8C7-42B3-95A5-6E7C5410734C}.Debug|Any CPU.ActiveCfg = Debug|Any CPU
		{82262A4A-A8C7-42B3-95A5-6E7C5410734C}.Debug|Any CPU.Build.0 = Debug|Any CPU
		{82262A4A-A8C7-42B3-95A5-6E7C5410734C}.Release|Any CPU.ActiveCfg = Release|Any CPU
		{82262A4A-A8C7-42B3-95A5-6E7C5410734C}.Release|Any CPU.Build.0 = Release|Any CPU
		{F6698302-757A-4297-A98C-61DC38240ECE}.Debug|Any CPU.ActiveCfg = Debug|Any CPU
		{F6698302-757A-4297-A98C-61DC38240ECE}.Debug|Any CPU.Build.0 = Debug|Any CPU
		{F6698302-757A-4297-A98C-61DC38240ECE}.Release|Any CPU.ActiveCfg = Release|Any CPU
		{F6698302-757A-4297-A98C-61DC38240ECE}.Release|Any CPU.Build.0 = Release|Any CPU
	EndGlobalSection
	GlobalSection(SolutionProperties) = preSolution
		HideSolutionNode = FALSE
	EndGlobalSection
	GlobalSection(ExtensibilityGlobals) = postSolution
		SolutionGuid = {CAA75DE5-5DD1-4BE2-BD81-C2CCE9DD3517}
	EndGlobalSection
EndGlobal
