
Microsoft Visual Studio Solution File, Format Version 12.00
# Visual Studio Version 16
VisualStudioVersion = 16.0.30517.126
MinimumVisualStudioVersion = 10.0.40219.1
Project("{FAE04EC0-301F-11D3-BF4B-00C04F79EFBC}") = "AlertToCareAPI", "AlertToCareAPI\AlertToCareAPI.csproj", "{A7E0F7C9-91FA-4637-AC39-1B64BC991C77}"
EndProject
Project("{FAE04EC0-301F-11D3-BF4B-00C04F79EFBC}") = "API.Test", "API.Test\API.Test.csproj", "{B83D1A6B-50B9-47F5-84DA-AE97CF59FF62}"
EndProject
Global
	GlobalSection(SolutionConfigurationPlatforms) = preSolution
		Debug|Any CPU = Debug|Any CPU
		Release|Any CPU = Release|Any CPU
	EndGlobalSection
	GlobalSection(ProjectConfigurationPlatforms) = postSolution
		{A7E0F7C9-91FA-4637-AC39-1B64BC991C77}.Debug|Any CPU.ActiveCfg = Debug|Any CPU
		{A7E0F7C9-91FA-4637-AC39-1B64BC991C77}.Debug|Any CPU.Build.0 = Debug|Any CPU
		{A7E0F7C9-91FA-4637-AC39-1B64BC991C77}.Release|Any CPU.ActiveCfg = Release|Any CPU
		{A7E0F7C9-91FA-4637-AC39-1B64BC991C77}.Release|Any CPU.Build.0 = Release|Any CPU
		{B83D1A6B-50B9-47F5-84DA-AE97CF59FF62}.Debug|Any CPU.ActiveCfg = Debug|Any CPU
		{B83D1A6B-50B9-47F5-84DA-AE97CF59FF62}.Debug|Any CPU.Build.0 = Debug|Any CPU
		{B83D1A6B-50B9-47F5-84DA-AE97CF59FF62}.Release|Any CPU.ActiveCfg = Release|Any CPU
		{B83D1A6B-50B9-47F5-84DA-AE97CF59FF62}.Release|Any CPU.Build.0 = Release|Any CPU
	EndGlobalSection
	GlobalSection(SolutionProperties) = preSolution
		HideSolutionNode = FALSE
	EndGlobalSection
	GlobalSection(ExtensibilityGlobals) = postSolution
		SolutionGuid = {6B95CAAC-EDB6-4B4B-9179-762CDB15AF38}
	EndGlobalSection
EndGlobal
